
Microsoft Visual Studio Solution File, Format Version 12.00
# Visual Studio Version 17
VisualStudioVersion = 17.5.33414.496
MinimumVisualStudioVersion = 10.0.40219.1
Project("{FAE04EC0-301F-11D3-BF4B-00C04F79EFBC}") = "WebApiCitasMedicas", "WebApiCitasMedicas\WebApiCitasMedicas.csproj", "{B281549B-CF14-4661-A6A0-0CC9F4BFC8F0}"
EndProject
Global
	GlobalSection(SolutionConfigurationPlatforms) = preSolution
		Debug|Any CPU = Debug|Any CPU
		Release|Any CPU = Release|Any CPU
	EndGlobalSection
	GlobalSection(ProjectConfigurationPlatforms) = postSolution
		{B281549B-CF14-4661-A6A0-0CC9F4BFC8F0}.Debug|Any CPU.ActiveCfg = Debug|Any CPU
		{B281549B-CF14-4661-A6A0-0CC9F4BFC8F0}.Debug|Any CPU.Build.0 = Debug|Any CPU
		{B281549B-CF14-4661-A6A0-0CC9F4BFC8F0}.Release|Any CPU.ActiveCfg = Release|Any CPU
		{B281549B-CF14-4661-A6A0-0CC9F4BFC8F0}.Release|Any CPU.Build.0 = Release|Any CPU
	EndGlobalSection
	GlobalSection(SolutionProperties) = preSolution
		HideSolutionNode = FALSE
	EndGlobalSection
	GlobalSection(ExtensibilityGlobals) = postSolution
		SolutionGuid = {A78B1D13-3E28-46EE-A836-CFCB2FA35096}
	EndGlobalSection
EndGlobal
